# This file was autogenerated by Stack.
# You should not edit this file by hand.
# For more information, please see the documentation at:
#   https://docs.haskellstack.org/en/stable/lock_files

packages:
- completed:
    hackage: reflex-0.5.0.1@sha256:5faf8155045beac6c80c02a7f3d3ae4a8a2c02728dd5d1952a6bd326e9340f19,8673
    pantry-tree:
      size: 4754
      sha256: 9839c9ef3800752763ce948cc17d911e2a3bf99b042ab2d7b4ee8706e783dad5
  original:
    hackage: reflex-0.5.0.1
- completed:
    hackage: reflex-sdl2-0.3.0.0@sha256:ec753e2af7dd02951046bc37bc51c140608733b57249a6d2e269cd9ff5aa1865,1931
    pantry-tree:
      size: 514
      sha256: 40a493c1bbb554cf700f9d4613fafa9f86a133a1aa9d61445ab2e420690da14f
  original:
    hackage: reflex-sdl2-0.3.0.0
- completed:
    hackage: haskell-src-exts-1.20.3@sha256:83ae523bbec907a42c043de1f5bbf4c1554e7c3b898af07bb1ce6e80eaa282ec,4589
    pantry-tree:
      size: 92343
      sha256: 44f923980e915c41b96f326d93ef19c0b51e0799fe2370d7604d16c8cbad9151
  original:
    hackage: haskell-src-exts-1.20.3
- completed:
    hackage: ref-tf-0.4.0.1@sha256:369e5c6237e4b6fe330fde021b94a9f98971690cbec5b910faa9af3cbcb15610,1133
    pantry-tree:
      size: 211
      sha256: 81ecae4728867eaa8aff5bfcd26f05942ff8c5c3e6568a1e042db444063ea5e7
  original:
    hackage: ref-tf-0.4.0.1
- completed:
    hackage: sdl2-2.4.1.0@sha256:65a2d222044676686859fda43f119cb0f02ab5d04718ee3a7331628dade69931,11265
    pantry-tree:
      size: 6507
      sha256: fd7f5beddb0dd07aee0323d82c60fbcff02022bca4b31a10890421ff07a26970
  original:
    hackage: sdl2-2.4.1.0
- completed:
    hackage: these-0.7.6@sha256:fc04a9fdcf42353d46a6d544d7f6de8652780021af179ecbddac3eea75ee6360,3517
    pantry-tree:
      size: 811
      sha256: 53655d8dd735ed686b54acd810e10547fcfc71c122296c21908a584940bec50c
  original:
    hackage: these-0.7.6
- completed:
    hackage: QuickCheck-2.12.6.1@sha256:ce974f511174fbc3102bccb13d6d45781d327194f0311790b9f8db6a7cb1bab3,6336
    pantry-tree:
      size: 2046
      sha256: 1b9bf780a91762f07a63698d656234de0b68f5c8de760cc90153c01888730eb5
  original:
    hackage: QuickCheck-2.12.6.1
- completed:
    hackage: StateVar-1.1.1.1@sha256:cd3b516a49faf0627ea31885e012611e63600824976dcb276bcb2e92cdb0790f,1417
    pantry-tree:
      size: 314
      sha256: d2b673886d4d8866aecb9b7f32ec6719fa9a8f8d2ccccea059edc3c45db4e1f0
  original:
    hackage: StateVar-1.1.1.1
- completed:
    hackage: mersenne-random-1.0.0.1@sha256:c2c7c88765030e4a6003e921e7676858a048f75bc2f38d58ddafd3b102be6d82,3637
    pantry-tree:
      size: 1770
      sha256: 087123b35bf7a9f5dd0e8cf39625afc3daea60e3b2ede73a0fbc471e3d2a82a3
  original:
    hackage: mersenne-random-1.0.0.1
snapshots:
- completed:
    size: 524104
    url: https://raw.githubusercontent.com/commercialhaskell/stackage-snapshots/master/lts/14/5.yaml
    sha256: 3c146eebc1b383211ea49d5422fb3d63d699da12307b4bc989107300eb579d60
  original: lts-14.5
